
Microsoft Visual Studio Solution File, Format Version 12.00
# Visual Studio Version 17
VisualStudioVersion = 17.0.31903.59
MinimumVisualStudioVersion = 10.0.40219.1
Project("{FAE04EC0-301F-11D3-BF4B-00C04F79EFBC}") = "Ch03Ex02LoopsAndOverflow", "Ch03Ex02LoopsAndOverflow\Ch03Ex02LoopsAndOverflow.csproj", "{3AC28F05-3BC4-4F93-AC8C-F6F6FFEBAE95}"
EndProject
Project("{FAE04EC0-301F-11D3-BF4B-00C04F79EFBC}") = "Ch03Ex03FizzBuzz", "Ch03Ex03FizzBuzz\Ch03Ex03FizzBuzz.csproj", "{9A4784DE-C1F4-4D42-BB88-1D0249ED31F7}"
EndProject
Project("{FAE04EC0-301F-11D3-BF4B-00C04F79EFBC}") = "Ch03Ex04Exceptions", "Ch03Ex04Exceptions\Ch03Ex04Exceptions.csproj", "{701A3E39-EAD3-483C-AFC7-04AED833263E}"
EndProject
Global
	GlobalSection(SolutionProperties) = preSolution
		HideSolutionNode = FALSE
	EndGlobalSection
	GlobalSection(SolutionConfigurationPlatforms) = preSolution
		Debug|Any CPU = Debug|Any CPU
		Debug|x64 = Debug|x64
		Debug|x86 = Debug|x86
		Release|Any CPU = Release|Any CPU
		Release|x64 = Release|x64
		Release|x86 = Release|x86
	EndGlobalSection
	GlobalSection(ProjectConfigurationPlatforms) = postSolution
		{3AC28F05-3BC4-4F93-AC8C-F6F6FFEBAE95}.Debug|Any CPU.ActiveCfg = Debug|Any CPU
		{3AC28F05-3BC4-4F93-AC8C-F6F6FFEBAE95}.Debug|Any CPU.Build.0 = Debug|Any CPU
		{3AC28F05-3BC4-4F93-AC8C-F6F6FFEBAE95}.Debug|x64.ActiveCfg = Debug|Any CPU
		{3AC28F05-3BC4-4F93-AC8C-F6F6FFEBAE95}.Debug|x64.Build.0 = Debug|Any CPU
		{3AC28F05-3BC4-4F93-AC8C-F6F6FFEBAE95}.Debug|x86.ActiveCfg = Debug|Any CPU
		{3AC28F05-3BC4-4F93-AC8C-F6F6FFEBAE95}.Debug|x86.Build.0 = Debug|Any CPU
		{3AC28F05-3BC4-4F93-AC8C-F6F6FFEBAE95}.Release|Any CPU.ActiveCfg = Release|Any CPU
		{3AC28F05-3BC4-4F93-AC8C-F6F6FFEBAE95}.Release|Any CPU.Build.0 = Release|Any CPU
		{3AC28F05-3BC4-4F93-AC8C-F6F6FFEBAE95}.Release|x64.ActiveCfg = Release|Any CPU
		{3AC28F05-3BC4-4F93-AC8C-F6F6FFEBAE95}.Release|x64.Build.0 = Release|Any CPU
		{3AC28F05-3BC4-4F93-AC8C-F6F6FFEBAE95}.Release|x86.ActiveCfg = Release|Any CPU
		{3AC28F05-3BC4-4F93-AC8C-F6F6FFEBAE95}.Release|x86.Build.0 = Release|Any CPU
		{9A4784DE-C1F4-4D42-BB88-1D0249ED31F7}.Debug|Any CPU.ActiveCfg = Debug|Any CPU
		{9A4784DE-C1F4-4D42-BB88-1D0249ED31F7}.Debug|Any CPU.Build.0 = Debug|Any CPU
		{9A4784DE-C1F4-4D42-BB88-1D0249ED31F7}.Debug|x64.ActiveCfg = Debug|Any CPU
		{9A4784DE-C1F4-4D42-BB88-1D0249ED31F7}.Debug|x64.Build.0 = Debug|Any CPU
		{9A4784DE-C1F4-4D42-BB88-1D0249ED31F7}.Debug|x86.ActiveCfg = Debug|Any CPU
		{9A4784DE-C1F4-4D42-BB88-1D0249ED31F7}.Debug|x86.Build.0 = Debug|Any CPU
		{9A4784DE-C1F4-4D42-BB88-1D0249ED31F7}.Release|Any CPU.ActiveCfg = Release|Any CPU
		{9A4784DE-C1F4-4D42-BB88-1D0249ED31F7}.Release|Any CPU.Build.0 = Release|Any CPU
		{9A4784DE-C1F4-4D42-BB88-1D0249ED31F7}.Release|x64.ActiveCfg = Release|Any CPU
		{9A4784DE-C1F4-4D42-BB88-1D0249ED31F7}.Release|x64.Build.0 = Release|Any CPU
		{9A4784DE-C1F4-4D42-BB88-1D0249ED31F7}.Release|x86.ActiveCfg = Release|Any CPU
		{9A4784DE-C1F4-4D42-BB88-1D0249ED31F7}.Release|x86.Build.0 = Release|Any CPU
		{701A3E39-EAD3-483C-AFC7-04AED833263E}.Debug|Any CPU.ActiveCfg = Debug|Any CPU
		{701A3E39-EAD3-483C-AFC7-04AED833263E}.Debug|Any CPU.Build.0 = Debug|Any CPU
		{701A3E39-EAD3-483C-AFC7-04AED833263E}.Debug|x64.ActiveCfg = Debug|Any CPU
		{701A3E39-EAD3-483C-AFC7-04AED833263E}.Debug|x64.Build.0 = Debug|Any CPU
		{701A3E39-EAD3-483C-AFC7-04AED833263E}.Debug|x86.ActiveCfg = Debug|Any CPU
		{701A3E39-EAD3-483C-AFC7-04AED833263E}.Debug|x86.Build.0 = Debug|Any CPU
		{701A3E39-EAD3-483C-AFC7-04AED833263E}.Release|Any CPU.ActiveCfg = Release|Any CPU
		{701A3E39-EAD3-483C-AFC7-04AED833263E}.Release|Any CPU.Build.0 = Release|Any CPU
		{701A3E39-EAD3-483C-AFC7-04AED833263E}.Release|x64.ActiveCfg = Release|Any CPU
		{701A3E39-EAD3-483C-AFC7-04AED833263E}.Release|x64.Build.0 = Release|Any CPU
		{701A3E39-EAD3-483C-AFC7-04AED833263E}.Release|x86.ActiveCfg = Release|Any CPU
		{701A3E39-EAD3-483C-AFC7-04AED833263E}.Release|x86.Build.0 = Release|Any CPU
	EndGlobalSection
EndGlobal
